// !$*UTF8*$!
{
	archiveVersion = 1;
	classes = {
	};
	objectVersion = 56;
	objects = {

/* Begin PBXBuildFile section */
		444DD6D22B041CA700B100B3 /* AppDelegate.swift in Sources */ = {isa = PBXBuildFile; fileRef = 444DD6D12B041CA700B100B3 /* AppDelegate.swift */; };
		444DD6D42B041CA700B100B3 /* SceneDelegate.swift in Sources */ = {isa = PBXBuildFile; fileRef = 444DD6D32B041CA700B100B3 /* SceneDelegate.swift */; };
		444DD6D62B041CA700B100B3 /* RMTabViewController.swift in Sources */ = {isa = PBXBuildFile; fileRef = 444DD6D52B041CA700B100B3 /* RMTabViewController.swift */; };
		444DD6DB2B041CA900B100B3 /* Assets.xcassets in Resources */ = {isa = PBXBuildFile; fileRef = 444DD6DA2B041CA900B100B3 /* Assets.xcassets */; };
		444DD6DE2B041CA900B100B3 /* LaunchScreen.storyboard in Resources */ = {isa = PBXBuildFile; fileRef = 444DD6DC2B041CA900B100B3 /* LaunchScreen.storyboard */; };
		444DD6ED2B0420A000B100B3 /* RMLocation.swift in Sources */ = {isa = PBXBuildFile; fileRef = 444DD6EC2B0420A000B100B3 /* RMLocation.swift */; };
		444DD6EF2B0420BD00B100B3 /* RMCharacter.swift in Sources */ = {isa = PBXBuildFile; fileRef = 444DD6EE2B0420BD00B100B3 /* RMCharacter.swift */; };
		444DD6F12B0420D300B100B3 /* RMEpisode.swift in Sources */ = {isa = PBXBuildFile; fileRef = 444DD6F02B0420D300B100B3 /* RMEpisode.swift */; };
		444DD6F42B0421B200B100B3 /* RMCharacterViewController.swift in Sources */ = {isa = PBXBuildFile; fileRef = 444DD6F32B0421B200B100B3 /* RMCharacterViewController.swift */; };
		444DD6F62B0421EB00B100B3 /* RMLocationViewController.swift in Sources */ = {isa = PBXBuildFile; fileRef = 444DD6F52B0421EB00B100B3 /* RMLocationViewController.swift */; };
		444DD6F82B04220300B100B3 /* RMEpisodeViewController.swift in Sources */ = {isa = PBXBuildFile; fileRef = 444DD6F72B04220300B100B3 /* RMEpisodeViewController.swift */; };
		444DD6FA2B04221900B100B3 /* RMSettingsViewController.swift in Sources */ = {isa = PBXBuildFile; fileRef = 444DD6F92B04221900B100B3 /* RMSettingsViewController.swift */; };
		449AB43C2B085DDF0006DFAD /* Extension.swift in Sources */ = {isa = PBXBuildFile; fileRef = 449AB43B2B085DDF0006DFAD /* Extension.swift */; };
		449AB43E2B0864CF0006DFAD /* RMCharacterCollectionViewCell.swift in Sources */ = {isa = PBXBuildFile; fileRef = 449AB43D2B0864CF0006DFAD /* RMCharacterCollectionViewCell.swift */; };
		449AB4412B08DBD90006DFAD /* RMCharacterCollectonViewCellViewModel.swift in Sources */ = {isa = PBXBuildFile; fileRef = 449AB4402B08DBD90006DFAD /* RMCharacterCollectonViewCellViewModel.swift */; };
		449AB4442B0AD3840006DFAD /* RMCharacterDetailViewController.swift in Sources */ = {isa = PBXBuildFile; fileRef = 449AB4432B0AD3840006DFAD /* RMCharacterDetailViewController.swift */; };
		449AB4462B0AD49B0006DFAD /* RMCharacterDetailView.swift in Sources */ = {isa = PBXBuildFile; fileRef = 449AB4452B0AD49B0006DFAD /* RMCharacterDetailView.swift */; };
		449AB4482B0AD4CB0006DFAD /* RMCharacterDetailViewViewModel.swift in Sources */ = {isa = PBXBuildFile; fileRef = 449AB4472B0AD4CB0006DFAD /* RMCharacterDetailViewViewModel.swift */; };
		449AB44A2B0ADA210006DFAD /* RMFooterLoadingCollectionReusableView.swift in Sources */ = {isa = PBXBuildFile; fileRef = 449AB4492B0ADA210006DFAD /* RMFooterLoadingCollectionReusableView.swift */; };
		44BF11FA2B068B63004380B2 /* RMService.swift in Sources */ = {isa = PBXBuildFile; fileRef = 44BF11F92B068B63004380B2 /* RMService.swift */; };
		44BF11FC2B068B88004380B2 /* RMRequest.swift in Sources */ = {isa = PBXBuildFile; fileRef = 44BF11FB2B068B88004380B2 /* RMRequest.swift */; };
		44BF11FE2B068D1B004380B2 /* RMEndpoint.swift in Sources */ = {isa = PBXBuildFile; fileRef = 44BF11FD2B068D1B004380B2 /* RMEndpoint.swift */; };
		44BF12002B069491004380B2 /* RMOrigin.swift in Sources */ = {isa = PBXBuildFile; fileRef = 44BF11FF2B069491004380B2 /* RMOrigin.swift */; };
		44BF12022B0694EE004380B2 /* RMSingleLocation.swift in Sources */ = {isa = PBXBuildFile; fileRef = 44BF12012B0694EE004380B2 /* RMSingleLocation.swift */; };
		44BF12042B0695E7004380B2 /* RMCharacterStatus.swift in Sources */ = {isa = PBXBuildFile; fileRef = 44BF12032B0695E7004380B2 /* RMCharacterStatus.swift */; };
		44BF12062B069626004380B2 /* RMCharacterGender.swift in Sources */ = {isa = PBXBuildFile; fileRef = 44BF12052B069626004380B2 /* RMCharacterGender.swift */; };
		44BF120A2B06B7E4004380B2 /* RMGetAllCharactersResponse.swift in Sources */ = {isa = PBXBuildFile; fileRef = 44BF12092B06B7E4004380B2 /* RMGetAllCharactersResponse.swift */; };
		44BF120C2B06B9F8004380B2 /* RMCharacterListViewViewModel.swift in Sources */ = {isa = PBXBuildFile; fileRef = 44BF120B2B06B9F8004380B2 /* RMCharacterListViewViewModel.swift */; };
		44BF120E2B06BB63004380B2 /* RMCharacterListView.swift in Sources */ = {isa = PBXBuildFile; fileRef = 44BF120D2B06BB63004380B2 /* RMCharacterListView.swift */; };
/* End PBXBuildFile section */

/* Begin PBXFileReference section */
		444DD6CE2B041CA700B100B3 /* RickAndMorty.app */ = {isa = PBXFileReference; explicitFileType = wrapper.application; includeInIndex = 0; path = RickAndMorty.app; sourceTree = BUILT_PRODUCTS_DIR; };
		444DD6D12B041CA700B100B3 /* AppDelegate.swift */ = {isa = PBXFileReference; lastKnownFileType = sourcecode.swift; path = AppDelegate.swift; sourceTree = "<group>"; };
		444DD6D32B041CA700B100B3 /* SceneDelegate.swift */ = {isa = PBXFileReference; lastKnownFileType = sourcecode.swift; path = SceneDelegate.swift; sourceTree = "<group>"; };
		444DD6D52B041CA700B100B3 /* RMTabViewController.swift */ = {isa = PBXFileReference; lastKnownFileType = sourcecode.swift; path = RMTabViewController.swift; sourceTree = "<group>"; };
		444DD6DA2B041CA900B100B3 /* Assets.xcassets */ = {isa = PBXFileReference; lastKnownFileType = folder.assetcatalog; path = Assets.xcassets; sourceTree = "<group>"; };
		444DD6DD2B041CA900B100B3 /* Base */ = {isa = PBXFileReference; lastKnownFileType = file.storyboard; name = Base; path = Base.lproj/LaunchScreen.storyboard; sourceTree = "<group>"; };
		444DD6DF2B041CA900B100B3 /* Info.plist */ = {isa = PBXFileReference; lastKnownFileType = text.plist.xml; path = Info.plist; sourceTree = "<group>"; };
		444DD6EC2B0420A000B100B3 /* RMLocation.swift */ = {isa = PBXFileReference; lastKnownFileType = sourcecode.swift; path = RMLocation.swift; sourceTree = "<group>"; };
		444DD6EE2B0420BD00B100B3 /* RMCharacter.swift */ = {isa = PBXFileReference; lastKnownFileType = sourcecode.swift; path = RMCharacter.swift; sourceTree = "<group>"; };
		444DD6F02B0420D300B100B3 /* RMEpisode.swift */ = {isa = PBXFileReference; lastKnownFileType = sourcecode.swift; path = RMEpisode.swift; sourceTree = "<group>"; };
		444DD6F32B0421B200B100B3 /* RMCharacterViewController.swift */ = {isa = PBXFileReference; lastKnownFileType = sourcecode.swift; path = RMCharacterViewController.swift; sourceTree = "<group>"; };
		444DD6F52B0421EB00B100B3 /* RMLocationViewController.swift */ = {isa = PBXFileReference; lastKnownFileType = sourcecode.swift; path = RMLocationViewController.swift; sourceTree = "<group>"; };
		444DD6F72B04220300B100B3 /* RMEpisodeViewController.swift */ = {isa = PBXFileReference; lastKnownFileType = sourcecode.swift; path = RMEpisodeViewController.swift; sourceTree = "<group>"; };
		444DD6F92B04221900B100B3 /* RMSettingsViewController.swift */ = {isa = PBXFileReference; lastKnownFileType = sourcecode.swift; path = RMSettingsViewController.swift; sourceTree = "<group>"; };
		449AB43B2B085DDF0006DFAD /* Extension.swift */ = {isa = PBXFileReference; lastKnownFileType = sourcecode.swift; path = Extension.swift; sourceTree = "<group>"; };
		449AB43D2B0864CF0006DFAD /* RMCharacterCollectionViewCell.swift */ = {isa = PBXFileReference; lastKnownFileType = sourcecode.swift; path = RMCharacterCollectionViewCell.swift; sourceTree = "<group>"; };
		449AB4402B08DBD90006DFAD /* RMCharacterCollectonViewCellViewModel.swift */ = {isa = PBXFileReference; lastKnownFileType = sourcecode.swift; path = RMCharacterCollectonViewCellViewModel.swift; sourceTree = "<group>"; };
		449AB4432B0AD3840006DFAD /* RMCharacterDetailViewController.swift */ = {isa = PBXFileReference; lastKnownFileType = sourcecode.swift; path = RMCharacterDetailViewController.swift; sourceTree = "<group>"; };
		449AB4452B0AD49B0006DFAD /* RMCharacterDetailView.swift */ = {isa = PBXFileReference; lastKnownFileType = sourcecode.swift; path = RMCharacterDetailView.swift; sourceTree = "<group>"; };
		449AB4472B0AD4CB0006DFAD /* RMCharacterDetailViewViewModel.swift */ = {isa = PBXFileReference; lastKnownFileType = sourcecode.swift; path = RMCharacterDetailViewViewModel.swift; sourceTree = "<group>"; };
		449AB4492B0ADA210006DFAD /* RMFooterLoadingCollectionReusableView.swift */ = {isa = PBXFileReference; lastKnownFileType = sourcecode.swift; path = RMFooterLoadingCollectionReusableView.swift; sourceTree = "<group>"; };
		44BF11F92B068B63004380B2 /* RMService.swift */ = {isa = PBXFileReference; lastKnownFileType = sourcecode.swift; path = RMService.swift; sourceTree = "<group>"; };
		44BF11FB2B068B88004380B2 /* RMRequest.swift */ = {isa = PBXFileReference; lastKnownFileType = sourcecode.swift; path = RMRequest.swift; sourceTree = "<group>"; };
		44BF11FD2B068D1B004380B2 /* RMEndpoint.swift */ = {isa = PBXFileReference; lastKnownFileType = sourcecode.swift; path = RMEndpoint.swift; sourceTree = "<group>"; };
		44BF11FF2B069491004380B2 /* RMOrigin.swift */ = {isa = PBXFileReference; lastKnownFileType = sourcecode.swift; path = RMOrigin.swift; sourceTree = "<group>"; };
		44BF12012B0694EE004380B2 /* RMSingleLocation.swift */ = {isa = PBXFileReference; lastKnownFileType = sourcecode.swift; path = RMSingleLocation.swift; sourceTree = "<group>"; };
		44BF12032B0695E7004380B2 /* RMCharacterStatus.swift */ = {isa = PBXFileReference; lastKnownFileType = sourcecode.swift; path = RMCharacterStatus.swift; sourceTree = "<group>"; };
		44BF12052B069626004380B2 /* RMCharacterGender.swift */ = {isa = PBXFileReference; lastKnownFileType = sourcecode.swift; path = RMCharacterGender.swift; sourceTree = "<group>"; };
		44BF12092B06B7E4004380B2 /* RMGetAllCharactersResponse.swift */ = {isa = PBXFileReference; lastKnownFileType = sourcecode.swift; path = RMGetAllCharactersResponse.swift; sourceTree = "<group>"; };
		44BF120B2B06B9F8004380B2 /* RMCharacterListViewViewModel.swift */ = {isa = PBXFileReference; lastKnownFileType = sourcecode.swift; path = RMCharacterListViewViewModel.swift; sourceTree = "<group>"; };
		44BF120D2B06BB63004380B2 /* RMCharacterListView.swift */ = {isa = PBXFileReference; lastKnownFileType = sourcecode.swift; path = RMCharacterListView.swift; sourceTree = "<group>"; };
/* End PBXFileReference section */

/* Begin PBXFrameworksBuildPhase section */
		444DD6CB2B041CA700B100B3 /* Frameworks */ = {
			isa = PBXFrameworksBuildPhase;
			buildActionMask = 2147483647;
			files = (
			);
			runOnlyForDeploymentPostprocessing = 0;
		};
/* End PBXFrameworksBuildPhase section */

/* Begin PBXGroup section */
		444DD6C52B041CA700B100B3 = {
			isa = PBXGroup;
			children = (
				444DD6D02B041CA700B100B3 /* RickAndMorty */,
				444DD6CF2B041CA700B100B3 /* Products */,
			);
			sourceTree = "<group>";
		};
		444DD6CF2B041CA700B100B3 /* Products */ = {
			isa = PBXGroup;
			children = (
				444DD6CE2B041CA700B100B3 /* RickAndMorty.app */,
			);
			name = Products;
			sourceTree = "<group>";
		};
		444DD6D02B041CA700B100B3 /* RickAndMorty */ = {
			isa = PBXGroup;
			children = (
				444DD6E82B04200000B100B3 /* ViewModels */,
				444DD6EB2B04202A00B100B3 /* Resources */,
				444DD6EA2B04202300B100B3 /* Managers */,
				444DD6E92B04201300B100B3 /* Controllers */,
				444DD6E72B041FF900B100B3 /* Models */,
				444DD6E62B041FEE00B100B3 /* View */,
				444DD6E52B041FC800B100B3 /* APIClients */,
				444DD6DF2B041CA900B100B3 /* Info.plist */,
			);
			path = RickAndMorty;
			sourceTree = "<group>";
		};
		444DD6E52B041FC800B100B3 /* APIClients */ = {
			isa = PBXGroup;
			children = (
				44BF11F92B068B63004380B2 /* RMService.swift */,
				44BF11FB2B068B88004380B2 /* RMRequest.swift */,
				44BF11FD2B068D1B004380B2 /* RMEndpoint.swift */,
			);
			path = APIClients;
			sourceTree = "<group>";
		};
		444DD6E62B041FEE00B100B3 /* View */ = {
			isa = PBXGroup;
			children = (
				44BF120D2B06BB63004380B2 /* RMCharacterListView.swift */,
				449AB43D2B0864CF0006DFAD /* RMCharacterCollectionViewCell.swift */,
				449AB4452B0AD49B0006DFAD /* RMCharacterDetailView.swift */,
				449AB4492B0ADA210006DFAD /* RMFooterLoadingCollectionReusableView.swift */,
			);
			path = View;
			sourceTree = "<group>";
		};
		444DD6E72B041FF900B100B3 /* Models */ = {
			isa = PBXGroup;
			children = (
				44BF12082B06B7B6004380B2 /* APIResponseTypes */,
				44BF12072B06B791004380B2 /* DataTypes */,
			);
			path = Models;
			sourceTree = "<group>";
		};
		444DD6E82B04200000B100B3 /* ViewModels */ = {
			isa = PBXGroup;
			children = (
				44BF120B2B06B9F8004380B2 /* RMCharacterListViewViewModel.swift */,
				449AB4402B08DBD90006DFAD /* RMCharacterCollectonViewCellViewModel.swift */,
				449AB4472B0AD4CB0006DFAD /* RMCharacterDetailViewViewModel.swift */,
			);
			path = ViewModels;
			sourceTree = "<group>";
		};
		444DD6E92B04201300B100B3 /* Controllers */ = {
			isa = PBXGroup;
			children = (
				449AB4422B0AD33F0006DFAD /* Other */,
				444DD6F22B04211300B100B3 /* Core */,
			);
			path = Controllers;
			sourceTree = "<group>";
		};
		444DD6EA2B04202300B100B3 /* Managers */ = {
			isa = PBXGroup;
			children = (
			);
			path = Managers;
			sourceTree = "<group>";
		};
		444DD6EB2B04202A00B100B3 /* Resources */ = {
			isa = PBXGroup;
			children = (
				444DD6D12B041CA700B100B3 /* AppDelegate.swift */,
				444DD6D32B041CA700B100B3 /* SceneDelegate.swift */,
				444DD6DA2B041CA900B100B3 /* Assets.xcassets */,
				444DD6DC2B041CA900B100B3 /* LaunchScreen.storyboard */,
				449AB43B2B085DDF0006DFAD /* Extension.swift */,
			);
			path = Resources;
			sourceTree = "<group>";
		};
		444DD6F22B04211300B100B3 /* Core */ = {
			isa = PBXGroup;
			children = (
				444DD6D52B041CA700B100B3 /* RMTabViewController.swift */,
				444DD6F32B0421B200B100B3 /* RMCharacterViewController.swift */,
				444DD6F52B0421EB00B100B3 /* RMLocationViewController.swift */,
				444DD6F72B04220300B100B3 /* RMEpisodeViewController.swift */,
				444DD6F92B04221900B100B3 /* RMSettingsViewController.swift */,
			);
			path = Core;
			sourceTree = "<group>";
		};
		449AB4422B0AD33F0006DFAD /* Other */ = {
			isa = PBXGroup;
			children = (
				449AB4432B0AD3840006DFAD /* RMCharacterDetailViewController.swift */,
			);
			path = Other;
			sourceTree = "<group>";
		};
		44BF12072B06B791004380B2 /* DataTypes */ = {
			isa = PBXGroup;
			children = (
				444DD6EC2B0420A000B100B3 /* RMLocation.swift */,
				444DD6EE2B0420BD00B100B3 /* RMCharacter.swift */,
				444DD6F02B0420D300B100B3 /* RMEpisode.swift */,
				44BF11FF2B069491004380B2 /* RMOrigin.swift */,
				44BF12012B0694EE004380B2 /* RMSingleLocation.swift */,
				44BF12032B0695E7004380B2 /* RMCharacterStatus.swift */,
				44BF12052B069626004380B2 /* RMCharacterGender.swift */,
			);
			path = DataTypes;
			sourceTree = "<group>";
		};
		44BF12082B06B7B6004380B2 /* APIResponseTypes */ = {
			isa = PBXGroup;
			children = (
				44BF12092B06B7E4004380B2 /* RMGetAllCharactersResponse.swift */,
			);
			path = APIResponseTypes;
			sourceTree = "<group>";
		};
/* End PBXGroup section */

/* Begin PBXNativeTarget section */
		444DD6CD2B041CA700B100B3 /* RickAndMorty */ = {
			isa = PBXNativeTarget;
			buildConfigurationList = 444DD6E22B041CA900B100B3 /* Build configuration list for PBXNativeTarget "RickAndMorty" */;
			buildPhases = (
				444DD6CA2B041CA700B100B3 /* Sources */,
				444DD6CB2B041CA700B100B3 /* Frameworks */,
				444DD6CC2B041CA700B100B3 /* Resources */,
			);
			buildRules = (
			);
			dependencies = (
			);
			name = RickAndMorty;
			productName = RickAndMorty;
			productReference = 444DD6CE2B041CA700B100B3 /* RickAndMorty.app */;
			productType = "com.apple.product-type.application";
		};
/* End PBXNativeTarget section */

/* Begin PBXProject section */
		444DD6C62B041CA700B100B3 /* Project object */ = {
			isa = PBXProject;
			attributes = {
				BuildIndependentTargetsInParallel = 1;
				LastSwiftUpdateCheck = 1420;
				LastUpgradeCheck = 1420;
				TargetAttributes = {
					444DD6CD2B041CA700B100B3 = {
						CreatedOnToolsVersion = 14.2;
					};
				};
			};
			buildConfigurationList = 444DD6C92B041CA700B100B3 /* Build configuration list for PBXProject "RickAndMorty" */;
			compatibilityVersion = "Xcode 14.0";
			developmentRegion = en;
			hasScannedForEncodings = 0;
			knownRegions = (
				en,
				Base,
			);
			mainGroup = 444DD6C52B041CA700B100B3;
			productRefGroup = 444DD6CF2B041CA700B100B3 /* Products */;
			projectDirPath = "";
			projectRoot = "";
			targets = (
				444DD6CD2B041CA700B100B3 /* RickAndMorty */,
			);
		};
/* End PBXProject section */

/* Begin PBXResourcesBuildPhase section */
		444DD6CC2B041CA700B100B3 /* Resources */ = {
			isa = PBXResourcesBuildPhase;
			buildActionMask = 2147483647;
			files = (
				444DD6DE2B041CA900B100B3 /* LaunchScreen.storyboard in Resources */,
				444DD6DB2B041CA900B100B3 /* Assets.xcassets in Resources */,
			);
			runOnlyForDeploymentPostprocessing = 0;
		};
/* End PBXResourcesBuildPhase section */

/* Begin PBXSourcesBuildPhase section */
		444DD6CA2B041CA700B100B3 /* Sources */ = {
			isa = PBXSourcesBuildPhase;
			buildActionMask = 2147483647;
			files = (
				44BF120A2B06B7E4004380B2 /* RMGetAllCharactersResponse.swift in Sources */,
				449AB4482B0AD4CB0006DFAD /* RMCharacterDetailViewViewModel.swift in Sources */,
				44BF12002B069491004380B2 /* RMOrigin.swift in Sources */,
				44BF120E2B06BB63004380B2 /* RMCharacterListView.swift in Sources */,
				44BF12022B0694EE004380B2 /* RMSingleLocation.swift in Sources */,
				44BF12042B0695E7004380B2 /* RMCharacterStatus.swift in Sources */,
				44BF12062B069626004380B2 /* RMCharacterGender.swift in Sources */,
				449AB4442B0AD3840006DFAD /* RMCharacterDetailViewController.swift in Sources */,
				449AB44A2B0ADA210006DFAD /* RMFooterLoadingCollectionReusableView.swift in Sources */,
				444DD6F62B0421EB00B100B3 /* RMLocationViewController.swift in Sources */,
				444DD6F12B0420D300B100B3 /* RMEpisode.swift in Sources */,
				444DD6D62B041CA700B100B3 /* RMTabViewController.swift in Sources */,
				449AB43E2B0864CF0006DFAD /* RMCharacterCollectionViewCell.swift in Sources */,
				449AB43C2B085DDF0006DFAD /* Extension.swift in Sources */,
				444DD6F82B04220300B100B3 /* RMEpisodeViewController.swift in Sources */,
				444DD6D22B041CA700B100B3 /* AppDelegate.swift in Sources */,
				444DD6D42B041CA700B100B3 /* SceneDelegate.swift in Sources */,
				444DD6FA2B04221900B100B3 /* RMSettingsViewController.swift in Sources */,
				44BF11FA2B068B63004380B2 /* RMService.swift in Sources */,
				444DD6ED2B0420A000B100B3 /* RMLocation.swift in Sources */,
				44BF11FE2B068D1B004380B2 /* RMEndpoint.swift in Sources */,
				444DD6EF2B0420BD00B100B3 /* RMCharacter.swift in Sources */,
				44BF11FC2B068B88004380B2 /* RMRequest.swift in Sources */,
				44BF120C2B06B9F8004380B2 /* RMCharacterListViewViewModel.swift in Sources */,
				449AB4412B08DBD90006DFAD /* RMCharacterCollectonViewCellViewModel.swift in Sources */,
				444DD6F42B0421B200B100B3 /* RMCharacterViewController.swift in Sources */,
				449AB4462B0AD49B0006DFAD /* RMCharacterDetailView.swift in Sources */,
			);
			runOnlyForDeploymentPostprocessing = 0;
		};
/* End PBXSourcesBuildPhase section */

/* Begin PBXVariantGroup section */
		444DD6DC2B041CA900B100B3 /* LaunchScreen.storyboard */ = {
			isa = PBXVariantGroup;
			children = (
				444DD6DD2B041CA900B100B3 /* Base */,
			);
			name = LaunchScreen.storyboard;
			sourceTree = "<group>";
		};
/* End PBXVariantGroup section */

/* Begin XCBuildConfiguration section */
		444DD6E02B041CA900B100B3 /* Debug */ = {
			isa = XCBuildConfiguration;
			buildSettings = {
				ALWAYS_SEARCH_USER_PATHS = NO;
				CLANG_ANALYZER_NONNULL = YES;
				CLANG_ANALYZER_NUMBER_OBJECT_CONVERSION = YES_AGGRESSIVE;
				CLANG_CXX_LANGUAGE_STANDARD = "gnu++20";
				CLANG_ENABLE_MODULES = YES;
				CLANG_ENABLE_OBJC_ARC = YES;
				CLANG_ENABLE_OBJC_WEAK = YES;
				CLANG_WARN_BLOCK_CAPTURE_AUTORELEASING = YES;
				CLANG_WARN_BOOL_CONVERSION = YES;
				CLANG_WARN_COMMA = YES;
				CLANG_WARN_CONSTANT_CONVERSION = YES;
				CLANG_WARN_DEPRECATED_OBJC_IMPLEMENTATIONS = YES;
				CLANG_WARN_DIRECT_OBJC_ISA_USAGE = YES_ERROR;
				CLANG_WARN_DOCUMENTATION_COMMENTS = YES;
				CLANG_WARN_EMPTY_BODY = YES;
				CLANG_WARN_ENUM_CONVERSION = YES;
				CLANG_WARN_INFINITE_RECURSION = YES;
				CLANG_WARN_INT_CONVERSION = YES;
				CLANG_WARN_NON_LITERAL_NULL_CONVERSION = YES;
				CLANG_WARN_OBJC_IMPLICIT_RETAIN_SELF = YES;
				CLANG_WARN_OBJC_LITERAL_CONVERSION = YES;
				CLANG_WARN_OBJC_ROOT_CLASS = YES_ERROR;
				CLANG_WARN_QUOTED_INCLUDE_IN_FRAMEWORK_HEADER = YES;
				CLANG_WARN_RANGE_LOOP_ANALYSIS = YES;
				CLANG_WARN_STRICT_PROTOTYPES = YES;
				CLANG_WARN_SUSPICIOUS_MOVE = YES;
				CLANG_WARN_UNGUARDED_AVAILABILITY = YES_AGGRESSIVE;
				CLANG_WARN_UNREACHABLE_CODE = YES;
				CLANG_WARN__DUPLICATE_METHOD_MATCH = YES;
				COPY_PHASE_STRIP = NO;
				DEBUG_INFORMATION_FORMAT = dwarf;
				ENABLE_STRICT_OBJC_MSGSEND = YES;
				ENABLE_TESTABILITY = YES;
				GCC_C_LANGUAGE_STANDARD = gnu11;
				GCC_DYNAMIC_NO_PIC = NO;
				GCC_NO_COMMON_BLOCKS = YES;
				GCC_OPTIMIZATION_LEVEL = 0;
				GCC_PREPROCESSOR_DEFINITIONS = (
					"DEBUG=1",
					"$(inherited)",
				);
				GCC_WARN_64_TO_32_BIT_CONVERSION = YES;
				GCC_WARN_ABOUT_RETURN_TYPE = YES_ERROR;
				GCC_WARN_UNDECLARED_SELECTOR = YES;
				GCC_WARN_UNINITIALIZED_AUTOS = YES_AGGRESSIVE;
				GCC_WARN_UNUSED_FUNCTION = YES;
				GCC_WARN_UNUSED_VARIABLE = YES;
				IPHONEOS_DEPLOYMENT_TARGET = 16.2;
				MTL_ENABLE_DEBUG_INFO = INCLUDE_SOURCE;
				MTL_FAST_MATH = YES;
				ONLY_ACTIVE_ARCH = YES;
				SDKROOT = iphoneos;
				SWIFT_ACTIVE_COMPILATION_CONDITIONS = DEBUG;
				SWIFT_OPTIMIZATION_LEVEL = "-Onone";
			};
			name = Debug;
		};
		444DD6E12B041CA900B100B3 /* Release */ = {
			isa = XCBuildConfiguration;
			buildSettings = {
				ALWAYS_SEARCH_USER_PATHS = NO;
				CLANG_ANALYZER_NONNULL = YES;
				CLANG_ANALYZER_NUMBER_OBJECT_CONVERSION = YES_AGGRESSIVE;
				CLANG_CXX_LANGUAGE_STANDARD = "gnu++20";
				CLANG_ENABLE_MODULES = YES;
				CLANG_ENABLE_OBJC_ARC = YES;
				CLANG_ENABLE_OBJC_WEAK = YES;
				CLANG_WARN_BLOCK_CAPTURE_AUTORELEASING = YES;
				CLANG_WARN_BOOL_CONVERSION = YES;
				CLANG_WARN_COMMA = YES;
				CLANG_WARN_CONSTANT_CONVERSION = YES;
				CLANG_WARN_DEPRECATED_OBJC_IMPLEMENTATIONS = YES;
				CLANG_WARN_DIRECT_OBJC_ISA_USAGE = YES_ERROR;
				CLANG_WARN_DOCUMENTATION_COMMENTS = YES;
				CLANG_WARN_EMPTY_BODY = YES;
				CLANG_WARN_ENUM_CONVERSION = YES;
				CLANG_WARN_INFINITE_RECURSION = YES;
				CLANG_WARN_INT_CONVERSION = YES;
				CLANG_WARN_NON_LITERAL_NULL_CONVERSION = YES;
				CLANG_WARN_OBJC_IMPLICIT_RETAIN_SELF = YES;
				CLANG_WARN_OBJC_LITERAL_CONVERSION = YES;
				CLANG_WARN_OBJC_ROOT_CLASS = YES_ERROR;
				CLANG_WARN_QUOTED_INCLUDE_IN_FRAMEWORK_HEADER = YES;
				CLANG_WARN_RANGE_LOOP_ANALYSIS = YES;
				CLANG_WARN_STRICT_PROTOTYPES = YES;
				CLANG_WARN_SUSPICIOUS_MOVE = YES;
				CLANG_WARN_UNGUARDED_AVAILABILITY = YES_AGGRESSIVE;
				CLANG_WARN_UNREACHABLE_CODE = YES;
				CLANG_WARN__DUPLICATE_METHOD_MATCH = YES;
				COPY_PHASE_STRIP = NO;
				DEBUG_INFORMATION_FORMAT = "dwarf-with-dsym";
				ENABLE_NS_ASSERTIONS = NO;
				ENABLE_STRICT_OBJC_MSGSEND = YES;
				GCC_C_LANGUAGE_STANDARD = gnu11;
				GCC_NO_COMMON_BLOCKS = YES;
				GCC_WARN_64_TO_32_BIT_CONVERSION = YES;
				GCC_WARN_ABOUT_RETURN_TYPE = YES_ERROR;
				GCC_WARN_UNDECLARED_SELECTOR = YES;
				GCC_WARN_UNINITIALIZED_AUTOS = YES_AGGRESSIVE;
				GCC_WARN_UNUSED_FUNCTION = YES;
				GCC_WARN_UNUSED_VARIABLE = YES;
				IPHONEOS_DEPLOYMENT_TARGET = 16.2;
				MTL_ENABLE_DEBUG_INFO = NO;
				MTL_FAST_MATH = YES;
				SDKROOT = iphoneos;
				SWIFT_COMPILATION_MODE = wholemodule;
				SWIFT_OPTIMIZATION_LEVEL = "-O";
				VALIDATE_PRODUCT = YES;
			};
			name = Release;
		};
		444DD6E32B041CA900B100B3 /* Debug */ = {
			isa = XCBuildConfiguration;
			buildSettings = {
				ASSETCATALOG_COMPILER_APPICON_NAME = AppIcon;
				ASSETCATALOG_COMPILER_GLOBAL_ACCENT_COLOR_NAME = AccentColor;
				CODE_SIGN_STYLE = Automatic;
				CURRENT_PROJECT_VERSION = 1;
				DEVELOPMENT_TEAM = 545T4S2ZTT;
				GENERATE_INFOPLIST_FILE = YES;
				INFOPLIST_FILE = RickAndMorty/Info.plist;
				INFOPLIST_KEY_UIApplicationSupportsIndirectInputEvents = YES;
				INFOPLIST_KEY_UILaunchStoryboardName = LaunchScreen;
				INFOPLIST_KEY_UISupportedInterfaceOrientations_iPad = "UIInterfaceOrientationPortrait UIInterfaceOrientationPortraitUpsideDown UIInterfaceOrientationLandscapeLeft UIInterfaceOrientationLandscapeRight";
				INFOPLIST_KEY_UISupportedInterfaceOrientations_iPhone = "UIInterfaceOrientationPortrait UIInterfaceOrientationLandscapeLeft UIInterfaceOrientationLandscapeRight";
				LD_RUNPATH_SEARCH_PATHS = (
					"$(inherited)",
					"@executable_path/Frameworks",
				);
				MARKETING_VERSION = 1.0;
				PRODUCT_BUNDLE_IDENTIFIER = inc.futuretechnologies.presidentftinc.ios.RickAndMorty;
				PRODUCT_NAME = "$(TARGET_NAME)";
				SWIFT_EMIT_LOC_STRINGS = YES;
				SWIFT_VERSION = 5.0;
				TARGETED_DEVICE_FAMILY = "1,2";
			};
			name = Debug;
		};
		444DD6E42B041CA900B100B3 /* Release */ = {
			isa = XCBuildConfiguration;
			buildSettings = {
				ASSETCATALOG_COMPILER_APPICON_NAME = AppIcon;
				ASSETCATALOG_COMPILER_GLOBAL_ACCENT_COLOR_NAME = AccentColor;
				CODE_SIGN_STYLE = Automatic;
				CURRENT_PROJECT_VERSION = 1;
				DEVELOPMENT_TEAM = 545T4S2ZTT;
				GENERATE_INFOPLIST_FILE = YES;
				INFOPLIST_FILE = RickAndMorty/Info.plist;
				INFOPLIST_KEY_UIApplicationSupportsIndirectInputEvents = YES;
				INFOPLIST_KEY_UILaunchStoryboardName = LaunchScreen;
				INFOPLIST_KEY_UISupportedInterfaceOrientations_iPad = "UIInterfaceOrientationPortrait UIInterfaceOrientationPortraitUpsideDown UIInterfaceOrientationLandscapeLeft UIInterfaceOrientationLandscapeRight";
				INFOPLIST_KEY_UISupportedInterfaceOrientations_iPhone = "UIInterfaceOrientationPortrait UIInterfaceOrientationLandscapeLeft UIInterfaceOrientationLandscapeRight";
				LD_RUNPATH_SEARCH_PATHS = (
					"$(inherited)",
					"@executable_path/Frameworks",
				);
				MARKETING_VERSION = 1.0;
				PRODUCT_BUNDLE_IDENTIFIER = inc.futuretechnologies.presidentftinc.ios.RickAndMorty;
				PRODUCT_NAME = "$(TARGET_NAME)";
				SWIFT_EMIT_LOC_STRINGS = YES;
				SWIFT_VERSION = 5.0;
				TARGETED_DEVICE_FAMILY = "1,2";
			};
			name = Release;
		};
/* End XCBuildConfiguration section */

/* Begin XCConfigurationList section */
		444DD6C92B041CA700B100B3 /* Build configuration list for PBXProject "RickAndMorty" */ = {
			isa = XCConfigurationList;
			buildConfigurations = (
				444DD6E02B041CA900B100B3 /* Debug */,
				444DD6E12B041CA900B100B3 /* Release */,
			);
			defaultConfigurationIsVisible = 0;
			defaultConfigurationName = Release;
		};
		444DD6E22B041CA900B100B3 /* Build configuration list for PBXNativeTarget "RickAndMorty" */ = {
			isa = XCConfigurationList;
			buildConfigurations = (
				444DD6E32B041CA900B100B3 /* Debug */,
				444DD6E42B041CA900B100B3 /* Release */,
			);
			defaultConfigurationIsVisible = 0;
			defaultConfigurationName = Release;
		};
/* End XCConfigurationList section */
	};
	rootObject = 444DD6C62B041CA700B100B3 /* Project object */;
}
